# generated by rye
# use `rye lock` or `rye sync` to update this lockfile
#
# last locked with the following flags:
#   pre: false
#   features: []
#   all-features: false
#   with-sources: false
#   generate-hashes: false
#   universal: false

-e file:.
anyio==4.12.1
    # via httpx
certifi==2026.1.4
    # via httpcore
    # via httpx
h11==0.16.0
    # via httpcore
httpcore==1.0.9
    # via httpx
httpx==0.28.1
    # via notion-client
idna==3.11
    # via anyio
    # via httpx
notion-client==2.7.0
    # via notionhomeworkmanager-1
python-dotenv==1.2.1
    # via notionhomeworkmanager-1
typing-extensions==4.15.0
    # via anyio
